# This file is autogenerated, do not edit; changes may be undone by the next 'dep ensure'.


[[projects]]
  digest = "1:b9224a63d1a2d5df807655ce63f6103a82ad7621510110b04382aee0da770bf9"
  name = "cloud.google.com/go"
  packages = [
    "compute/metadata",
    "monitoring/apiv3",
    "trace/apiv2",
  ]
  pruneopts = "NUT"
  revision = "458e1f376a2b44413160b5d301183b65debaa3f6"
  version = "v0.37.2"

[[projects]]
  digest = "1:f323f98930459f65f4699b5bfba563743680e2633d96e72d61a9732648e2d07c"
  name = "contrib.go.opencensus.io/exporter/ocagent"
  packages = ["."]
  pruneopts = "NUT"
  revision = "00af367e65149ff1f2f4b93bbfbb84fd9297170d"
  version = "v0.2.0"

[[projects]]
  digest = "1:355d491068cd888a3725d68cd09681a49251d6d8e3cb49120bf6b83a86c7ee0f"
  name = "contrib.go.opencensus.io/exporter/stackdriver"
  packages = [
    ".",
    "monitoredresource",
  ]
  pruneopts = "NUT"
  revision = "0e2df90c35d1575910dc0a44da7d7b08ae76290f"
  version = "v0.9.1"

[[projects]]
  digest = "1:2339e7490b90cb8e9d04135bccd3e4ce298f0f790366c091e76b8cf06247746e"
  name = "github.com/Azure/azure-sdk-for-go"
  packages = [
    "services/containerregistry/mgmt/2017-10-01/containerregistry",
    "version",
  ]
  pruneopts = "NUT"
  revision = "f686bd664dc30c61b628f074d638540d6b87524f"
  version = "v26.1.0"

[[projects]]
  digest = "1:140643c16866ae169363a23cd41304e2fe9d327f8d8ef5ad7e622da02b186181"
  name = "github.com/Azure/go-autorest"
  packages = [
    "autorest",
    "autorest/adal",
    "autorest/azure",
    "autorest/date",
    "autorest/to",
    "autorest/validation",
    "logger",
    "tracing",
  ]
  pruneopts = "NUT"
  revision = "36c85dfef6277593be33a29bbc7636a5eb4e4bad"
  version = "v11.6.0"

[[projects]]
  digest = "1:0fb0fc01ca0fb8c5a486a8a1b9092fe546aac68dbfb77919d9a3501b932c5990"
  name = "github.com/aws/aws-sdk-go"
  packages = [
    "aws",
    "aws/awserr",
    "aws/awsutil",
    "aws/client",
    "aws/client/metadata",
    "aws/corehandlers",
    "aws/credentials",
    "aws/credentials/ec2rolecreds",
    "aws/credentials/endpointcreds",
    "aws/credentials/processcreds",
    "aws/credentials/stscreds",
    "aws/csm",
    "aws/defaults",
    "aws/ec2metadata",
    "aws/endpoints",
    "aws/request",
    "aws/session",
    "aws/signer/v4",
    "internal/ini",
    "internal/sdkio",
    "internal/sdkrand",
    "internal/sdkuri",
    "internal/shareddefaults",
    "private/protocol",
    "private/protocol/json/jsonutil",
    "private/protocol/jsonrpc",
    "private/protocol/query",
    "private/protocol/query/queryutil",
    "private/protocol/rest",
    "private/protocol/xml/xmlutil",
    "service/ecr",
    "service/sts",
  ]
  pruneopts = "NUT"
  revision = "56c1def75689cceec1fa6f14c2eedb4b798827f9"
  version = "v1.19.11"

[[projects]]
  branch = "master"
  digest = "1:707ebe952a8b3d00b343c01536c79c73771d100f63ec6babeaed5c79e2b8a8dd"
  name = "github.com/beorn7/perks"
  packages = ["quantile"]
  pruneopts = "NUT"
  revision = "3a771d992973f24aa725d07868b467d1ddfceafb"

[[projects]]
  digest = "1:c27d7800c88904c7a2b21e6791f7f26d8dcb76db4544756f4c6ba8829bb2f11d"
  name = "github.com/census-instrumentation/opencensus-proto"
  packages = [
    "gen-go/agent/common/v1",
    "gen-go/agent/trace/v1",
    "gen-go/metrics/v1",
    "gen-go/resource/v1",
    "gen-go/trace/v1",
  ]
  pruneopts = "NUT"
  revision = "7f2434bc10da710debe5c4315ed6d4df454b4024"
  version = "v0.1.0"

[[projects]]
  digest = "1:ffe9824d294da03b391f44e1ae8281281b4afc1bdaa9588c9097785e3af10cec"
  name = "github.com/davecgh/go-spew"
  packages = ["spew"]
  pruneopts = "NUT"
  revision = "8991bc29aa16c548c550c7ff78260e27b9ab7c73"
  version = "v1.1.1"

[[projects]]
  digest = "1:7a6852b35eb5bbc184561443762d225116ae630c26a7c4d90546619f1e7d2ad2"
  name = "github.com/dgrijalva/jwt-go"
  packages = ["."]
  pruneopts = "NUT"
  revision = "06ea1031745cb8b3dab3f6a236daf2b0aa468b7e"
  version = "v3.2.0"

[[projects]]
  digest = "1:32598368f409bbee79deb9d43569fcd92b9fb27f39155f5e166b3371217f051f"
  name = "github.com/evanphx/json-patch"
  packages = ["."]
  pruneopts = "NUT"
  revision = "72bf35d0ff611848c1dc9df0f976c81192392fa5"
  version = "v4.1.0"

[[projects]]
  digest = "1:abfe129dc92b16fbf0cc9d6336096a2823151756f62072a700eb10754141b38e"
  name = "github.com/ghodss/yaml"
  packages = ["."]
  pruneopts = "NUT"
  revision = "73d445a93680fa1a78ae23a5839bad48f32ba1ee"

[[projects]]
  digest = "1:9059915429f7f3a5f18cfa6b7cab9a28721d7ac6db4079a62044aa229eb7f2a8"
  name = "github.com/gobuffalo/envy"
  packages = ["."]
  pruneopts = "NUT"
  revision = "fa0dfdc10b5366ce365b7d9d1755a03e4e797bc5"
  version = "v1.6.15"

[[projects]]
  digest = "1:26a5b0d17fc9534a39ab910cbe61ffa5059a9e608e1a0e3c2663d526b05f1081"
  name = "github.com/gogo/protobuf"
  packages = [
    "proto",
    "sortkeys",
  ]
  pruneopts = "NUT"
  revision = "c0656edd0d9eab7c66d1eb0c568f9039345796f7"

[[projects]]
  digest = "1:78b8040ece2ff622580def2708b9eb0b2857711b6744c475439bf337e9c677ea"
  name = "github.com/golang/glog"
  packages = ["."]
  pruneopts = "NUT"
  revision = "44145f04b68cf362d9c4df2182967c2275eaefed"

[[projects]]
  digest = "1:7672c206322f45b33fac1ae2cb899263533ce0adcc6481d207725560208ec84e"
  name = "github.com/golang/groupcache"
  packages = ["lru"]
  pruneopts = "NUT"
  revision = "02826c3e79038b59d737d3b1c0a1d937f71a4433"

[[projects]]
  digest = "1:f0497278bd70dab9a7e13d5cbc7bf569ef537c4646895d41e4f2e3943cdd4f64"
  name = "github.com/golang/protobuf"
  packages = [
    "proto",
    "protoc-gen-go/descriptor",
    "ptypes",
    "ptypes/any",
    "ptypes/duration",
    "ptypes/empty",
    "ptypes/struct",
    "ptypes/timestamp",
    "ptypes/wrappers",
  ]
  pruneopts = "NUT"
  revision = "aa810b61a9c79d51363740d207bb46cf8e620ed5"

[[projects]]
  branch = "master"
  digest = "1:245bd4eb633039cd66106a5d340ae826d87f4e36a8602fcc940e14176fd26ea7"
  name = "github.com/google/btree"
  packages = ["."]
  pruneopts = "NUT"
  revision = "e89373fe6b4a7413d7acd6da1725b83ef713e6e4"

[[projects]]
  digest = "1:b787093a6b46cbdb290b2b304d12352eeff1bf7870852c3a0636acf87128c32b"
  name = "github.com/google/go-cmp"
  packages = [
    "cmp",
    "cmp/cmpopts",
    "cmp/internal/diff",
    "cmp/internal/function",
    "cmp/internal/value",
  ]
  pruneopts = "NUT"
  revision = "3af367b6b30c263d47e8895973edcca9a49cf029"
  version = "v0.2.0"

[[projects]]
  digest = "1:6105b061602d903647e552d7dccb3f1ceac6b17f83ab716fa458a4943029821d"
  name = "github.com/google/go-containerregistry"
  packages = [
    "pkg/authn",
    "pkg/authn/k8schain",
    "pkg/name",
    "pkg/v1",
    "pkg/v1/layout",
    "pkg/v1/partial",
    "pkg/v1/remote",
    "pkg/v1/remote/transport",
    "pkg/v1/stream",
    "pkg/v1/types",
    "pkg/v1/v1util",
  ]
  pruneopts = "NUT"
  revision = "8d4083db9aa0d2fae6588c1acdbe6a1f5db461e3"

[[projects]]
  digest = "1:f9425215dccf1c63f659ec781ca46bc81804341821d0cd8d2459c5b58f8bd067"
  name = "github.com/google/gofuzz"
  packages = ["."]
  pruneopts = "NUT"
  revision = "44d81051d367757e1c7c6a5a86423ece9afcf63c"

[[projects]]
  branch = "master"
  digest = "1:70dbc44a90fa82c71d6064b88929b2ad9374f4c438cfed3b4cc7dacd77e0eb73"
  name = "github.com/google/licenseclassifier"
  packages = [
    ".",
    "internal/sets",
    "stringclassifier",
    "stringclassifier/internal/pq",
    "stringclassifier/searchset",
    "stringclassifier/searchset/tokenizer",
  ]
  pruneopts = "NUT"
  revision = "e979a0b10eebe748549c702a25e997c556349da6"

[[projects]]
  digest = "1:fa300677001e58a995e10afe4e251d2a6e30d3815a234d553b5810db7795d5a2"
  name = "github.com/googleapis/gax-go"
  packages = ["v2"]
  pruneopts = "NUT"
  revision = "beaecbbdd8af86aa3acf14180d53828ce69400b2"
  version = "v2.0.4"

[[projects]]
  digest = "1:fc56ff1b4b04575628f199eb0bc60fa6ed8ff63196e290151a5031c6af5eaef4"
  name = "github.com/googleapis/gnostic"
  packages = [
    "OpenAPIv2",
    "compiler",
    "extensions",
  ]
  pruneopts = "NUT"
  revision = "0c5108395e2debce0d731cf0287ddf7242066aba"

[[projects]]
  branch = "master"
  digest = "1:a1db0214936912602a7a8cedc09a2e3211f5c097dc89189fb4b3bc86346c9e89"
  name = "github.com/gregjones/httpcache"
  packages = [
    ".",
    "diskcache",
  ]
  pruneopts = "NUT"
  revision = "9cad4c3443a7200dd6400aef47183728de563a38"

[[projects]]
  digest = "1:475b179287e8afdcd352014b2c2500e67decdf63e66125e2129286873453e1cd"
  name = "github.com/hashicorp/golang-lru"
  packages = [
    ".",
    "simplelru",
  ]
  pruneopts = "NUT"
  revision = "a0d98a5f288019575c6d1f4bb1573fef2d1fcdc4"

[[projects]]
  digest = "1:aaa38889f11896ee3644d77e17dc7764cc47f5f3d3b488268df2af2b52541c5f"
  name = "github.com/imdario/mergo"
  packages = ["."]
  pruneopts = "NUT"
  revision = "7c29201646fa3de8506f701213473dd407f19646"
  version = "v0.3.7"

[[projects]]
  digest = "1:1f2aebae7e7c856562355ec0198d8ca2fa222fb05e5b1b66632a1fce39631885"
  name = "github.com/jmespath/go-jmespath"
  packages = ["."]
  pruneopts = "NUT"
  revision = "c2b33e84"

[[projects]]
  digest = "1:da62aa6632d04e080b8a8b85a59ed9ed1550842a0099a55f3ae3a20d02a3745a"
  name = "github.com/joho/godotenv"
  packages = ["."]
  pruneopts = "NUT"
  revision = "23d116af351c84513e1946b527c88823e476be13"
  version = "v1.3.0"

[[projects]]
  digest = "1:0243cffa4a3410f161ee613dfdd903a636d07e838a42d341da95d81f42cd1d41"
  name = "github.com/json-iterator/go"
  packages = ["."]
  pruneopts = "NUT"
  revision = "f2b4162afba35581b6d4a50d3b8f34e33c144682"

[[projects]]
  digest = "1:9a670ce0109361c513e7103c478dbbea261bb81d41d0f9c822707451bce139bb"
  name = "github.com/knative/caching"
  packages = [
    "pkg/apis/caching",
    "pkg/apis/caching/v1alpha1",
    "pkg/client/clientset/versioned",
    "pkg/client/clientset/versioned/scheme",
    "pkg/client/clientset/versioned/typed/caching/v1alpha1",
  ]
  pruneopts = "T"
  revision = "3fc06fd3c9880a9ebb5c401f4b20cf6666cc7bc0"

[[projects]]
  digest = "1:6a799504a074152e42ff00c6540e5960a920123fd4f57c3e4638f8fab72189e5"
  name = "github.com/knative/pkg"
  packages = [
    "apis",
    "apis/duck",
    "apis/duck/v1beta1",
    "apis/istio",
    "apis/istio/authentication",
    "apis/istio/authentication/v1alpha1",
    "apis/istio/common/v1alpha1",
    "apis/istio/v1alpha3",
    "changeset",
    "client/clientset/versioned",
    "client/clientset/versioned/scheme",
    "client/clientset/versioned/typed/authentication/v1alpha1",
    "client/clientset/versioned/typed/istio/v1alpha3",
    "configmap",
    "controller",
    "kmeta",
    "kmp",
    "logging",
    "logging/logkey",
    "logging/testing",
    "metrics",
    "metrics/metricskey",
    "signals",
    "test",
    "test/ingress",
    "test/logging",
    "test/monitoring",
    "test/spoof",
    "test/zipkin",
    "tracker",
    "webhook",
  ]
  pruneopts = "NUT"
  revision = "28cfa161499b88cc5a71cfb7cf8a59fc34bff3d3"

[[projects]]
  branch = "master"
  digest = "1:dabd27a263906435d198a5fa9237ff2b14383a1e29964b7006e6dc975134f5e6"
  name = "github.com/knative/test-infra"
  packages = ["tools/dep-collector"]
  pruneopts = "NUT"
  revision = "8c8ba71c83aa5ec7928c32fa6e4d9c07d18141b0"

[[projects]]
  digest = "1:56dbf15e091bf7926cb33a57cb6bdfc658fc6d3498d2f76f10a97ce7856f1fde"
  name = "github.com/markbates/inflect"
  packages = ["."]
  pruneopts = "NUT"
  revision = "24b83195037b3bc61fcda2d28b7b0518bce293b6"
  version = "v1.0.4"

[[projects]]
  branch = "master"
  digest = "1:0e9bfc47ab9941ecc3344e580baca5deb4091177e84dd9773b48b38ec26b93d5"
  name = "github.com/mattbaird/jsonpatch"
  packages = ["."]
  pruneopts = "NUT"
  revision = "81af80346b1a01caae0cbc27fd3c1ba5b11e189f"

[[projects]]
  digest = "1:5985ef4caf91ece5d54817c11ea25f182697534f8ae6521eadcd628c142ac4b6"
  name = "github.com/matttproud/golang_protobuf_extensions"
  packages = ["pbutil"]
  pruneopts = "NUT"
  revision = "c12348ce28de40eed0136aa2b644d0ee0650e56c"
  version = "v1.0.1"

[[projects]]
  digest = "1:f9f72e583aaacf1d1ac5d6121abd4afd3c690baa9e14e1d009df26bf831ba347"
  name = "github.com/mitchellh/go-homedir"
  packages = ["."]
  pruneopts = "NUT"
  revision = "af06845cf3004701891bf4fdb884bfe4920b3727"
  version = "v1.1.0"

[[projects]]
  digest = "1:2f42fa12d6911c7b7659738758631bec870b7e9b4c6be5444f963cdcfccc191f"
  name = "github.com/modern-go/concurrent"
  packages = ["."]
  pruneopts = "NUT"
  revision = "bacd9c7ef1dd9b15be4a9909b8ac7a4e313eec94"
  version = "1.0.3"

[[projects]]
  digest = "1:c6aca19413b13dc59c220ad7430329e2ec454cc310bc6d8de2c7e2b93c18a0f6"
  name = "github.com/modern-go/reflect2"
  packages = ["."]
  pruneopts = "NUT"
  revision = "4b7aa43c6742a2c18fdef89dd197aaae7dac7ccd"
  version = "1.0.1"

[[projects]]
  branch = "master"
  digest = "1:3bf17a6e6eaa6ad24152148a631d18662f7212e21637c2699bff3369b7f00fa2"
  name = "github.com/petar/GoLLRB"
  packages = ["llrb"]
  pruneopts = "NUT"
  revision = "53be0d36a84c2a886ca057d34b6aa4468df9ccb4"

[[projects]]
  digest = "1:6c6d91dc326ed6778783cff869c49fb2f61303cdd2ebbcf90abe53505793f3b6"
  name = "github.com/peterbourgon/diskv"
  packages = ["."]
  pruneopts = "NUT"
  revision = "5f041e8faa004a95c88a202771f4cc3e991971e6"
  version = "v2.0.1"

[[projects]]
  digest = "1:14715f705ff5dfe0ffd6571d7d201dd8e921030f8070321a79380d8ca4ec1a24"
  name = "github.com/pkg/errors"
  packages = ["."]
  pruneopts = "NUT"
  revision = "ba968bfe8b2f7e042a574c888954fccecfa385b4"
  version = "v0.8.1"

[[projects]]
  digest = "1:e05ad065764ff913b74328cd0163d510bc4054c962665aa7647f6ecdee960b7f"
  name = "github.com/prometheus/client_golang"
  packages = [
    "prometheus",
    "prometheus/internal",
    "prometheus/promhttp",
  ]
  pruneopts = "NUT"
  revision = "505eaef017263e299324067d40ca2c48f6a2cf50"
  version = "v0.9.2"

[[projects]]
  branch = "master"
  digest = "1:0f37e09b3e92aaeda5991581311f8dbf38944b36a3edec61cc2d1991f527554a"
  name = "github.com/prometheus/client_model"
  packages = ["go"]
  pruneopts = "NUT"
  revision = "fd36f4220a901265f90734c3183c5f0c91daa0b8"

[[projects]]
  digest = "1:718e954e70b5f876b6bf756173ddc35603be265423e8d80661b1882cb1bd9a91"
  name = "github.com/prometheus/common"
  packages = [
    "expfmt",
    "internal/bitbucket.org/ww/goautoneg",
    "model",
  ]
  pruneopts = "NUT"
  revision = "cfeb6f9992ffa54aaa4f2170ade4067ee478b250"
  version = "v0.2.0"

[[projects]]
  branch = "master"
  digest = "1:03f525148e079f03402873b24718621ae54cd16b2081da419e2fe1a8b5d03452"
  name = "github.com/prometheus/procfs"
  packages = [
    ".",
    "internal/util",
    "iostats",
    "nfs",
    "xfs",
  ]
  pruneopts = "NUT"
  revision = "55ae3d9d557340b5bc24cd8aa5f6fa2c2ab31352"

[[projects]]
  digest = "1:e09ada96a5a41deda4748b1659cc8953961799e798aea557257b56baee4ecaf3"
  name = "github.com/rogpeppe/go-internal"
  packages = [
    "modfile",
    "module",
    "semver",
  ]
  pruneopts = "NUT"
  revision = "438578804ca6f31be148c27683afc419ce47c06e"
  version = "v1.3.0"

[[projects]]
  digest = "1:d917313f309bda80d27274d53985bc65651f81a5b66b820749ac7f8ef061fd04"
  name = "github.com/sergi/go-diff"
  packages = ["diffmatchpatch"]
  pruneopts = "NUT"
  revision = "1744e2970ca51c86172c8190fadad617561ed6e7"
  version = "v1.0.0"

[[projects]]
  digest = "1:9d8420bbf131d1618bde6530af37c3799340d3762cc47210c1d9532a4c3a2779"
  name = "github.com/spf13/pflag"
  packages = ["."]
  pruneopts = "NUT"
  revision = "298182f68c66c05229eb03ac171abe6e309ee79a"
  version = "v1.0.3"

[[projects]]
  branch = "master"
  digest = "1:763dd91fe87b6bcfcab06caebe135d7e1fb8414c01828ae2b4d62f031706585f"
  name = "github.com/tektoncd/plumbing"
  packages = ["scripts"]
  pruneopts = "UT"
  revision = "19ac801cfcf2b7fa3c4efc46c4c38932d5b78a33"

[[projects]]
  digest = "1:e65b395598ef96d96c1df34e3fd3ec4dabe629edb1511de33a59efd9931df0e8"
  name = "go.opencensus.io"
  packages = [
    ".",
    "exemplar",
    "exporter/prometheus",
    "internal",
    "internal/tagencoding",
    "plugin/ocgrpc",
    "plugin/ochttp",
    "plugin/ochttp/propagation/b3",
    "plugin/ochttp/propagation/tracecontext",
    "stats",
    "stats/internal",
    "stats/view",
    "tag",
    "trace",
    "trace/internal",
    "trace/propagation",
    "trace/tracestate",
  ]
  pruneopts = "NUT"
  revision = "b7bf3cdb64150a8c8c53b769fdeb2ba581bd4d4b"
  version = "v0.18.0"

[[projects]]
  digest = "1:22f696cee54865fb8e9ff91df7b633f6b8f22037a8015253c6b6a71ca82219c7"
  name = "go.uber.org/atomic"
  packages = ["."]
  pruneopts = "NUT"
  revision = "1ea20fb1cbb1cc08cbd0d913a96dead89aa18289"
  version = "v1.3.2"

[[projects]]
  digest = "1:58ca93bdf81bac106ded02226b5395a0595d5346cdc4caa8d9c1f3a5f8f9976e"
  name = "go.uber.org/multierr"
  packages = ["."]
  pruneopts = "NUT"
  revision = "3c4937480c32f4c13a875a1829af76c98ca3d40a"
  version = "v1.1.0"

[[projects]]
  digest = "1:ac060588b5d3b28b297728ef2db13dc51a77c739e112354ab46694a8eca6a5dc"
  name = "go.uber.org/zap"
  packages = [
    ".",
    "buffer",
    "internal/bufferpool",
    "internal/color",
    "internal/exit",
    "internal/ztest",
    "zapcore",
    "zaptest",
    "zaptest/observer",
  ]
  pruneopts = "NUT"
  revision = "67bc79d13d155c02fd008f721863ff8cc5f30659"

[[projects]]
  digest = "1:7ec1887ae3715321284fccea243101f722fbfb31211b2b8e2a712e06d9e33380"
  name = "golang.org/x/crypto"
  packages = [
    "pkcs12",
    "pkcs12/internal/rc2",
    "ssh/terminal",
  ]
  pruneopts = "NUT"
  revision = "81e90905daefcd6fd217b62423c0908922eadb30"

[[projects]]
  branch = "master"
  digest = "1:ec3788f85a09bf50b7d8da1c7e506d8552eb626baa6b6d714a135ee296ebf83d"
  name = "golang.org/x/net"
  packages = [
    "context",
    "context/ctxhttp",
    "http/httpguts",
    "http2",
    "http2/hpack",
    "idna",
    "internal/timeseries",
    "trace",
  ]
  pruneopts = "NUT"
  revision = "addf6b3196f61cd44ce5a76657913698c73479d0"

[[projects]]
  branch = "master"
  digest = "1:acf4103b26c5cc8b83208688a0a5b36adc47072f1bd91e1d886503c9f6fe3f2b"
  name = "golang.org/x/oauth2"
  packages = [
    ".",
    "google",
    "internal",
    "jws",
    "jwt",
  ]
  pruneopts = "NUT"
  revision = "d2e6202438beef2727060aa7cabdd924d92ebfd9"

[[projects]]
  branch = "master"
  digest = "1:a4b267e58eba4f8efcf35d73d68e142126b0ce508c099d418f56a5f0179f59ef"
  name = "golang.org/x/sync"
  packages = [
    "errgroup",
    "semaphore",
  ]
  pruneopts = "NUT"
  revision = "e225da77a7e68af35c70ccbf71af2b83e6acac3c"

[[projects]]
  digest = "1:d62297f5b84262234ea9cecefedd2980329ac18345738f8185525d6a43434b62"
  name = "golang.org/x/sys"
  packages = [
    "unix",
    "windows",
  ]
  pruneopts = "NUT"
  revision = "1c9583448a9c3aa0f9a6a5241bf73c0bd8aafded"

[[projects]]
  digest = "1:11e5ba605f499e37162cc8ca25fb16d6ff66fbfdbdc43c92d6f1351cde975413"
  name = "golang.org/x/text"
  packages = [
    "internal/gen",
    "internal/triegen",
    "internal/ucd",
    "secure/bidirule",
    "transform",
    "unicode/bidi",
    "unicode/cldr",
    "unicode/norm",
    "unicode/rangetable",
  ]
  pruneopts = "NUT"
  revision = "b19bf474d317b857955b12035d2c5acb57ce8b01"

[[projects]]
  branch = "master"
  digest = "1:51a479a09b7ed06b7be5a854e27fcc328718ae0e5ad159f9ddeef12d0326c2e7"
  name = "golang.org/x/time"
  packages = ["rate"]
  pruneopts = "NUT"
  revision = "26559e0f760e39c24d730d3224364aef164ee23f"

[[projects]]
  branch = "master"
  digest = "1:c765c0e7646900b1d5f1feecd2d255fcadd04ab9757ef792f5b5a4ffcb633407"
  name = "golang.org/x/tools"
  packages = [
    "go/ast/astutil",
    "imports",
  ]
  pruneopts = "NUT"
  revision = "66487607e2081c7c2af2281c62c14ee000d5024b"

[[projects]]
  branch = "master"
  digest = "1:fdd1061b45ecea22574736d7c379a3adbb4e5bf80d5485a7621e22015123f804"
  name = "google.golang.org/api"
  packages = [
    "googleapi/transport",
    "internal",
    "iterator",
    "option",
    "support/bundler",
    "transport",
    "transport/grpc",
    "transport/http",
    "transport/http/internal/propagation",
  ]
  pruneopts = "NUT"
  revision = "85344057ef9522151728c2e1f7f69e39706dc8a6"

[[projects]]
  digest = "1:a955e7c44c2be14b61aa2ddda744edfdfbc6817e993703a16e303c277ba84449"
  name = "google.golang.org/appengine"
  packages = [
    ".",
    "internal",
    "internal/app_identity",
    "internal/base",
    "internal/datastore",
    "internal/log",
    "internal/modules",
    "internal/remote_api",
    "internal/socket",
    "internal/urlfetch",
    "socket",
    "urlfetch",
  ]
  pruneopts = "NUT"
  revision = "54a98f90d1c46b7731eb8fb305d2a321c30ef610"
  version = "v1.5.0"

[[projects]]
  branch = "master"
  digest = "1:a5704c4fd4556219a6d78a214df25466a8f1cf7605ea9ff0e392634bd6e52874"
  name = "google.golang.org/genproto"
  packages = [
    "googleapis/api/annotations",
    "googleapis/api/distribution",
    "googleapis/api/label",
    "googleapis/api/metric",
    "googleapis/api/monitoredres",
    "googleapis/devtools/cloudtrace/v2",
    "googleapis/monitoring/v3",
    "googleapis/rpc/status",
    "protobuf/field_mask",
  ]
  pruneopts = "NUT"
  revision = "fc2db5cae922db113989ef87b5b859cc8a179f59"

[[projects]]
  digest = "1:5d01e130da45c5ddbf6501379771ebecb9fe35dac137671be20ba847843b1bbb"
  name = "google.golang.org/grpc"
  packages = [
    ".",
    "balancer",
    "balancer/base",
    "balancer/roundrobin",
    "binarylog/grpc_binarylog_v1",
    "codes",
    "connectivity",
    "credentials",
    "credentials/internal",
    "credentials/oauth",
    "encoding",
    "encoding/proto",
    "grpclog",
    "internal",
    "internal/backoff",
    "internal/binarylog",
    "internal/channelz",
    "internal/envconfig",
    "internal/grpcrand",
    "internal/grpcsync",
    "internal/syscall",
    "internal/transport",
    "keepalive",
    "metadata",
    "naming",
    "peer",
    "resolver",
    "resolver/dns",
    "resolver/passthrough",
    "stats",
    "status",
    "tap",
  ]
  pruneopts = "NUT"
  revision = "3507fb8e1a5ad030303c106fef3a47c9fdad16ad"
  version = "v1.19.1"

[[projects]]
  digest = "1:2d1fbdc6777e5408cabeb02bf336305e724b925ff4546ded0fa8715a7267922a"
  name = "gopkg.in/inf.v0"
  packages = ["."]
  pruneopts = "NUT"
  revision = "d2d2541c53f18d2a059457998ce2876cc8e67cbf"
  version = "v0.9.1"

[[projects]]
  digest = "1:7c95b35057a0ff2e19f707173cc1a947fa43a6eb5c4d300d196ece0334046082"
  name = "gopkg.in/yaml.v2"
  packages = ["."]
  pruneopts = "NUT"
  revision = "5420a8b6744d3b0345ab293f6fcba19c978f1183"
  version = "v2.2.1"

[[projects]]
  digest = "1:5cf944888c8174739cc28a108a88fb22a9924753e244ccfdadb1f860c258c265"
  name = "k8s.io/api"
  packages = [
    "admission/v1beta1",
    "admissionregistration/v1alpha1",
    "admissionregistration/v1beta1",
    "apps/v1",
    "apps/v1beta1",
    "apps/v1beta2",
    "authentication/v1",
    "authentication/v1beta1",
    "authorization/v1",
    "authorization/v1beta1",
    "autoscaling/v1",
    "autoscaling/v2beta1",
    "autoscaling/v2beta2",
    "batch/v1",
    "batch/v1beta1",
    "batch/v2alpha1",
    "certificates/v1beta1",
    "coordination/v1beta1",
    "core/v1",
    "events/v1beta1",
    "extensions/v1beta1",
    "networking/v1",
    "policy/v1beta1",
    "rbac/v1",
    "rbac/v1alpha1",
    "rbac/v1beta1",
    "scheduling/v1alpha1",
    "scheduling/v1beta1",
    "settings/v1alpha1",
    "storage/v1",
    "storage/v1alpha1",
    "storage/v1beta1",
  ]
  pruneopts = "NUT"
  revision = "145d52631d00cbfe68490d19ae4f0f501fd31a95"
  version = "kubernetes-1.12.6"

[[projects]]
  digest = "1:9cffe4aa65e6b91018eccf8ab86dba8c6e50ec28627a10580049130df9163678"
  name = "k8s.io/apimachinery"
  packages = [
    "pkg/api/equality",
    "pkg/api/errors",
    "pkg/api/meta",
    "pkg/api/resource",
    "pkg/api/validation",
    "pkg/apis/meta/internalversion",
    "pkg/apis/meta/v1",
    "pkg/apis/meta/v1/unstructured",
    "pkg/apis/meta/v1/validation",
    "pkg/apis/meta/v1beta1",
    "pkg/conversion",
    "pkg/conversion/queryparams",
    "pkg/fields",
    "pkg/labels",
    "pkg/runtime",
    "pkg/runtime/schema",
    "pkg/runtime/serializer",
    "pkg/runtime/serializer/json",
    "pkg/runtime/serializer/protobuf",
    "pkg/runtime/serializer/recognizer",
    "pkg/runtime/serializer/streaming",
    "pkg/runtime/serializer/versioning",
    "pkg/selection",
    "pkg/types",
    "pkg/util/cache",
    "pkg/util/clock",
    "pkg/util/diff",
    "pkg/util/errors",
    "pkg/util/framer",
    "pkg/util/intstr",
    "pkg/util/json",
    "pkg/util/mergepatch",
    "pkg/util/naming",
    "pkg/util/net",
    "pkg/util/rand",
    "pkg/util/runtime",
    "pkg/util/sets",
    "pkg/util/sets/types",
    "pkg/util/strategicpatch",
    "pkg/util/validation",
    "pkg/util/validation/field",
    "pkg/util/wait",
    "pkg/util/yaml",
    "pkg/version",
    "pkg/watch",
    "third_party/forked/golang/json",
    "third_party/forked/golang/reflect",
  ]
  pruneopts = "NUT"
  revision = "01f179d85dbce0f2e0e4351a92394b38694b7cae"
  version = "kubernetes-1.12.6"

[[projects]]
  digest = "1:9432146ff6e84c2723b221f15c6fa6b31a8f50c12c4b23ad695af058524b23cc"
  name = "k8s.io/client-go"
  packages = [
    "discovery",
    "discovery/fake",
    "dynamic",
    "informers",
    "informers/admissionregistration",
    "informers/admissionregistration/v1alpha1",
    "informers/admissionregistration/v1beta1",
    "informers/apps",
    "informers/apps/v1",
    "informers/apps/v1beta1",
    "informers/apps/v1beta2",
    "informers/autoscaling",
    "informers/autoscaling/v1",
    "informers/autoscaling/v2beta1",
    "informers/autoscaling/v2beta2",
    "informers/batch",
    "informers/batch/v1",
    "informers/batch/v1beta1",
    "informers/batch/v2alpha1",
    "informers/certificates",
    "informers/certificates/v1beta1",
    "informers/coordination",
    "informers/coordination/v1beta1",
    "informers/core",
    "informers/core/v1",
    "informers/events",
    "informers/events/v1beta1",
    "informers/extensions",
    "informers/extensions/v1beta1",
    "informers/internalinterfaces",
    "informers/networking",
    "informers/networking/v1",
    "informers/policy",
    "informers/policy/v1beta1",
    "informers/rbac",
    "informers/rbac/v1",
    "informers/rbac/v1alpha1",
    "informers/rbac/v1beta1",
    "informers/scheduling",
    "informers/scheduling/v1alpha1",
    "informers/scheduling/v1beta1",
    "informers/settings",
    "informers/settings/v1alpha1",
    "informers/storage",
    "informers/storage/v1",
    "informers/storage/v1alpha1",
    "informers/storage/v1beta1",
    "kubernetes",
    "kubernetes/fake",
    "kubernetes/scheme",
    "kubernetes/typed/admissionregistration/v1alpha1",
    "kubernetes/typed/admissionregistration/v1alpha1/fake",
    "kubernetes/typed/admissionregistration/v1beta1",
    "kubernetes/typed/admissionregistration/v1beta1/fake",
    "kubernetes/typed/apps/v1",
    "kubernetes/typed/apps/v1/fake",
    "kubernetes/typed/apps/v1beta1",
    "kubernetes/typed/apps/v1beta1/fake",
    "kubernetes/typed/apps/v1beta2",
    "kubernetes/typed/apps/v1beta2/fake",
    "kubernetes/typed/authentication/v1",
    "kubernetes/typed/authentication/v1/fake",
    "kubernetes/typed/authentication/v1beta1",
    "kubernetes/typed/authentication/v1beta1/fake",
    "kubernetes/typed/authorization/v1",
    "kubernetes/typed/authorization/v1/fake",
    "kubernetes/typed/authorization/v1beta1",
    "kubernetes/typed/authorization/v1beta1/fake",
    "kubernetes/typed/autoscaling/v1",
    "kubernetes/typed/autoscaling/v1/fake",
    "kubernetes/typed/autoscaling/v2beta1",
    "kubernetes/typed/autoscaling/v2beta1/fake",
    "kubernetes/typed/autoscaling/v2beta2",
    "kubernetes/typed/autoscaling/v2beta2/fake",
    "kubernetes/typed/batch/v1",
    "kubernetes/typed/batch/v1/fake",
    "kubernetes/typed/batch/v1beta1",
    "kubernetes/typed/batch/v1beta1/fake",
    "kubernetes/typed/batch/v2alpha1",
    "kubernetes/typed/batch/v2alpha1/fake",
    "kubernetes/typed/certificates/v1beta1",
    "kubernetes/typed/certificates/v1beta1/fake",
    "kubernetes/typed/coordination/v1beta1",
    "kubernetes/typed/coordination/v1beta1/fake",
    "kubernetes/typed/core/v1",
    "kubernetes/typed/core/v1/fake",
    "kubernetes/typed/events/v1beta1",
    "kubernetes/typed/events/v1beta1/fake",
    "kubernetes/typed/extensions/v1beta1",
    "kubernetes/typed/extensions/v1beta1/fake",
    "kubernetes/typed/networking/v1",
    "kubernetes/typed/networking/v1/fake",
    "kubernetes/typed/policy/v1beta1",
    "kubernetes/typed/policy/v1beta1/fake",
    "kubernetes/typed/rbac/v1",
    "kubernetes/typed/rbac/v1/fake",
    "kubernetes/typed/rbac/v1alpha1",
    "kubernetes/typed/rbac/v1alpha1/fake",
    "kubernetes/typed/rbac/v1beta1",
    "kubernetes/typed/rbac/v1beta1/fake",
    "kubernetes/typed/scheduling/v1alpha1",
    "kubernetes/typed/scheduling/v1alpha1/fake",
    "kubernetes/typed/scheduling/v1beta1",
    "kubernetes/typed/scheduling/v1beta1/fake",
    "kubernetes/typed/settings/v1alpha1",
    "kubernetes/typed/settings/v1alpha1/fake",
    "kubernetes/typed/storage/v1",
    "kubernetes/typed/storage/v1/fake",
    "kubernetes/typed/storage/v1alpha1",
    "kubernetes/typed/storage/v1alpha1/fake",
    "kubernetes/typed/storage/v1beta1",
    "kubernetes/typed/storage/v1beta1/fake",
    "listers/admissionregistration/v1alpha1",
    "listers/admissionregistration/v1beta1",
    "listers/apps/v1",
    "listers/apps/v1beta1",
    "listers/apps/v1beta2",
    "listers/autoscaling/v1",
    "listers/autoscaling/v2beta1",
    "listers/autoscaling/v2beta2",
    "listers/batch/v1",
    "listers/batch/v1beta1",
    "listers/batch/v2alpha1",
    "listers/certificates/v1beta1",
    "listers/coordination/v1beta1",
    "listers/core/v1",
    "listers/events/v1beta1",
    "listers/extensions/v1beta1",
    "listers/networking/v1",
    "listers/policy/v1beta1",
    "listers/rbac/v1",
    "listers/rbac/v1alpha1",
    "listers/rbac/v1beta1",
    "listers/scheduling/v1alpha1",
    "listers/scheduling/v1beta1",
    "listers/settings/v1alpha1",
    "listers/storage/v1",
    "listers/storage/v1alpha1",
    "listers/storage/v1beta1",
    "pkg/apis/clientauthentication",
    "pkg/apis/clientauthentication/v1alpha1",
    "pkg/apis/clientauthentication/v1beta1",
    "pkg/version",
    "plugin/pkg/client/auth/exec",
    "plugin/pkg/client/auth/gcp",
    "rest",
    "rest/watch",
    "testing",
    "third_party/forked/golang/template",
    "tools/auth",
    "tools/cache",
    "tools/clientcmd",
    "tools/clientcmd/api",
    "tools/clientcmd/api/latest",
    "tools/clientcmd/api/v1",
    "tools/metrics",
    "tools/pager",
    "tools/record",
    "tools/reference",
    "transport",
    "util/buffer",
    "util/cert",
    "util/connrotation",
    "util/flowcontrol",
    "util/homedir",
    "util/integer",
    "util/jsonpath",
    "util/retry",
    "util/workqueue",
  ]
  pruneopts = "NUT"
  revision = "78295b709ec6fa5be12e35892477a326dea2b5d3"
  version = "kubernetes-1.12.6"

[[projects]]
  digest = "1:b500123ee956621958e1769ea5f79751b18ba133269ac48a3fd755ff413135d4"
  name = "k8s.io/code-generator"
  packages = [
    "cmd/client-gen",
    "cmd/client-gen/args",
    "cmd/client-gen/generators",
    "cmd/client-gen/generators/fake",
    "cmd/client-gen/generators/scheme",
    "cmd/client-gen/generators/util",
    "cmd/client-gen/path",
    "cmd/client-gen/types",
    "cmd/deepcopy-gen",
    "cmd/deepcopy-gen/args",
    "cmd/defaulter-gen",
    "cmd/defaulter-gen/args",
    "cmd/informer-gen",
    "cmd/informer-gen/args",
    "cmd/informer-gen/generators",
    "cmd/lister-gen",
    "cmd/lister-gen/args",
    "cmd/lister-gen/generators",
    "pkg/util",
  ]
  pruneopts = "T"
  revision = "b1289fc74931d4b6b04bd1a259acfc88a2cb0a66"
  version = "kubernetes-1.12.6"

[[projects]]
  branch = "master"
  digest = "1:cc02b96a3307a2b9534890fb6bc1c0427319aa8f9ffd6797ba97587fc8874f80"
  name = "k8s.io/gengo"
  packages = [
    "args",
    "examples/deepcopy-gen/generators",
    "examples/defaulter-gen/generators",
    "examples/set-gen/sets",
    "generator",
    "namer",
    "parser",
    "types",
  ]
  pruneopts = "NUT"
  revision = "8394c995ab8fbe52216f38d0e1a37de36d820528"

[[projects]]
  digest = "1:c263611800c3a97991dbcf9d3bc4de390f6224aaa8ca0a7226a9d734f65a416a"
  name = "k8s.io/klog"
  packages = ["."]
  pruneopts = "NUT"
  revision = "71442cd4037d612096940ceb0f3fec3f7fff66e0"
  version = "v0.2.0"

[[projects]]
  digest = "1:7d46c560bdf2e3d01268acf4f376480124d40718bebd4e7ed8f1eedc372480cf"
  name = "k8s.io/kube-openapi"
  packages = ["pkg/util/proto"]
  pruneopts = "NUT"
  revision = "39a7bf85c140f972372c2a0d1ee40adbf0c8bfe1"

[[projects]]
  digest = "1:737caccb5a380b3580a25461b01a7c118f112d21e56f597c0fc8d52e33d00c31"
  name = "k8s.io/kubernetes"
  packages = [
    "pkg/cloudprovider/providers/azure/auth",
    "pkg/credentialprovider",
    "pkg/credentialprovider/aws",
    "pkg/credentialprovider/azure",
    "pkg/credentialprovider/gcp",
    "pkg/credentialprovider/secrets",
  ]
  pruneopts = "NUT"
  revision = "721bfa751924da8d1680787490c54b9179b1fed0"
  version = "v1.13.3"

[[projects]]
  digest = "1:8730e0150dfb2b7e173890c8b9868e7a273082ef8e39f4940e3506a481cf895c"
  name = "sigs.k8s.io/yaml"
  packages = ["."]
  pruneopts = "NUT"
  revision = "fd68e9863619f6ec2fdd8625fe1f02e7c877e480"
  version = "v1.1.0"

[solve-meta]
  analyzer-name = "dep"
  analyzer-version = 1
  input-imports = [
    "github.com/ghodss/yaml",
    "github.com/google/go-cmp/cmp",
    "github.com/google/go-cmp/cmp/cmpopts",
    "github.com/google/go-containerregistry/pkg/authn",
    "github.com/google/go-containerregistry/pkg/authn/k8schain",
    "github.com/google/go-containerregistry/pkg/name",
    "github.com/google/go-containerregistry/pkg/v1",
    "github.com/google/go-containerregistry/pkg/v1/layout",
    "github.com/google/go-containerregistry/pkg/v1/partial",
    "github.com/google/go-containerregistry/pkg/v1/remote",
    "github.com/google/go-containerregistry/pkg/v1/types",
    "github.com/hashicorp/golang-lru",
    "github.com/knative/caching/pkg/apis/caching",
    "github.com/knative/caching/pkg/client/clientset/versioned",
    "github.com/knative/pkg/apis",
    "github.com/knative/pkg/apis/duck/v1beta1",
    "github.com/knative/pkg/client/clientset/versioned",
    "github.com/knative/pkg/configmap",
    "github.com/knative/pkg/controller",
    "github.com/knative/pkg/logging",
    "github.com/knative/pkg/logging/logkey",
    "github.com/knative/pkg/logging/testing",
    "github.com/knative/pkg/signals",
    "github.com/knative/pkg/test",
    "github.com/knative/pkg/test/logging",
    "github.com/knative/pkg/tracker",
    "github.com/knative/pkg/webhook",
    "github.com/knative/test-infra/tools/dep-collector",
    "github.com/mitchellh/go-homedir",
    "github.com/tektoncd/plumbing/scripts",
    "go.opencensus.io/trace",
    "go.uber.org/zap",
    "go.uber.org/zap/zaptest/observer",
    "k8s.io/api/core/v1",
    "k8s.io/api/rbac/v1beta1",
    "k8s.io/apimachinery/pkg/api/equality",
    "k8s.io/apimachinery/pkg/api/errors",
    "k8s.io/apimachinery/pkg/api/resource",
    "k8s.io/apimachinery/pkg/apis/meta/v1",
    "k8s.io/apimachinery/pkg/fields",
    "k8s.io/apimachinery/pkg/labels",
    "k8s.io/apimachinery/pkg/runtime",
    "k8s.io/apimachinery/pkg/runtime/schema",
    "k8s.io/apimachinery/pkg/runtime/serializer",
    "k8s.io/apimachinery/pkg/types",
    "k8s.io/apimachinery/pkg/util/rand",
    "k8s.io/apimachinery/pkg/util/runtime",
    "k8s.io/apimachinery/pkg/util/sets/types",
    "k8s.io/apimachinery/pkg/util/strategicpatch",
    "k8s.io/apimachinery/pkg/util/validation",
    "k8s.io/apimachinery/pkg/util/wait",
    "k8s.io/apimachinery/pkg/watch",
    "k8s.io/client-go/discovery",
    "k8s.io/client-go/discovery/fake",
    "k8s.io/client-go/informers",
    "k8s.io/client-go/informers/core/v1",
    "k8s.io/client-go/kubernetes",
    "k8s.io/client-go/kubernetes/fake",
    "k8s.io/client-go/kubernetes/scheme",
    "k8s.io/client-go/kubernetes/typed/core/v1",
    "k8s.io/client-go/plugin/pkg/client/auth/gcp",
    "k8s.io/client-go/rest",
    "k8s.io/client-go/testing",
    "k8s.io/client-go/tools/cache",
    "k8s.io/client-go/tools/clientcmd",
    "k8s.io/client-go/tools/clientcmd/api",
    "k8s.io/client-go/tools/record",
    "k8s.io/client-go/util/flowcontrol",
    "k8s.io/code-generator/cmd/client-gen",
    "k8s.io/code-generator/cmd/deepcopy-gen",
    "k8s.io/code-generator/cmd/defaulter-gen",
    "k8s.io/code-generator/cmd/informer-gen",
    "k8s.io/code-generator/cmd/lister-gen",
  ]
  solver-name = "gps-cdcl"
  solver-version = 1
