# This file is autogenerated, do not edit; changes may be undone by the next 'dep ensure'.


[[projects]]
  digest = "1:5c3894b2aa4d6bead0ceeea6831b305d62879c871780e7b76296ded1b004bc57"
  name = "cloud.google.com/go"
  packages = ["compute/metadata"]
  pruneopts = "NUT"
  revision = "97efc2c9ffd9fe8ef47f7f3203dc60bbca547374"
  version = "v0.28.0"

[[projects]]
  digest = "1:a2c1d0e43bd3baaa071d1b9ed72c27d78169b2b269f71c105ac4ba34b1be4a39"
  name = "github.com/davecgh/go-spew"
  packages = ["spew"]
  pruneopts = "NUT"
  revision = "346938d642f2ec3594ed81d874461961cd0faa76"
  version = "v1.1.0"

[[projects]]
  digest = "1:abfe129dc92b16fbf0cc9d6336096a2823151756f62072a700eb10754141b38e"
  name = "github.com/ghodss/yaml"
  packages = ["."]
  pruneopts = "NUT"
  revision = "73d445a93680fa1a78ae23a5839bad48f32ba1ee"

[[projects]]
  digest = "1:a6afc27b2a73a5506832f3c5a1c19a30772cb69e7bd1ced4639eb36a55db224f"
  name = "github.com/gogo/protobuf"
  packages = [
    "proto",
    "sortkeys",
  ]
  pruneopts = "NUT"
  revision = "c0656edd0d9eab7c66d1eb0c568f9039345796f7"

[[projects]]
  digest = "1:78b8040ece2ff622580def2708b9eb0b2857711b6744c475439bf337e9c677ea"
  name = "github.com/golang/glog"
  packages = ["."]
  pruneopts = "NUT"
  revision = "44145f04b68cf362d9c4df2182967c2275eaefed"

[[projects]]
  digest = "1:7672c206322f45b33fac1ae2cb899263533ce0adcc6481d207725560208ec84e"
  name = "github.com/golang/groupcache"
  packages = ["lru"]
  pruneopts = "NUT"
  revision = "02826c3e79038b59d737d3b1c0a1d937f71a4433"

[[projects]]
  digest = "1:0d390d7037c2aecc37e78c2cfbe43d020d6f1fa83fd22266b7ec621189447d57"
  name = "github.com/golang/protobuf"
  packages = [
    "proto",
    "ptypes",
    "ptypes/any",
    "ptypes/duration",
    "ptypes/timestamp",
  ]
  pruneopts = "NUT"
  revision = "1643683e1b54a9e88ad26d98f81400c8c9d9f4f9"

[[projects]]
  branch = "master"
  digest = "1:245bd4eb633039cd66106a5d340ae826d87f4e36a8602fcc940e14176fd26ea7"
  name = "github.com/google/btree"
  packages = ["."]
  pruneopts = "NUT"
  revision = "e89373fe6b4a7413d7acd6da1725b83ef713e6e4"

[[projects]]
  digest = "1:d2754cafcab0d22c13541618a8029a70a8959eb3525ff201fe971637e2274cd0"
  name = "github.com/google/go-cmp"
  packages = [
    "cmp",
    "cmp/cmpopts",
    "cmp/internal/diff",
    "cmp/internal/function",
    "cmp/internal/value",
  ]
  pruneopts = "NUT"
  revision = "3af367b6b30c263d47e8895973edcca9a49cf029"
  version = "v0.2.0"

[[projects]]
  branch = "master"
  digest = "1:0a518075e503abfe4165f33954bc0dbaf7a6ec47148384084827e4759f208537"
  name = "github.com/google/go-containerregistry"
  packages = [
    "pkg/authn",
    "pkg/name",
    "pkg/v1",
    "pkg/v1/partial",
    "pkg/v1/remote",
    "pkg/v1/remote/transport",
    "pkg/v1/types",
    "pkg/v1/v1util",
  ]
  pruneopts = "NUT"
  revision = "24bbadfcffb5e05b1578cb2bd5438992ada3b546"

[[projects]]
  digest = "1:f9425215dccf1c63f659ec781ca46bc81804341821d0cd8d2459c5b58f8bd067"
  name = "github.com/google/gofuzz"
  packages = ["."]
  pruneopts = "NUT"
  revision = "44d81051d367757e1c7c6a5a86423ece9afcf63c"

[[projects]]
  digest = "1:27b4ab41ffdc76ad6db56db327a4db234a59588ef059fc3fd678ba0bc6b9094f"
  name = "github.com/googleapis/gnostic"
  packages = [
    "OpenAPIv2",
    "compiler",
    "extensions",
  ]
  pruneopts = "NUT"
  revision = "0c5108395e2debce0d731cf0287ddf7242066aba"

[[projects]]
  branch = "master"
  digest = "1:7fdf3223c7372d1ced0b98bf53457c5e89d89aecbad9a77ba9fcc6e01f9e5621"
  name = "github.com/gregjones/httpcache"
  packages = [
    ".",
    "diskcache",
  ]
  pruneopts = "NUT"
  revision = "9cad4c3443a7200dd6400aef47183728de563a38"

[[projects]]
  digest = "1:475b179287e8afdcd352014b2c2500e67decdf63e66125e2129286873453e1cd"
  name = "github.com/hashicorp/golang-lru"
  packages = [
    ".",
    "simplelru",
  ]
  pruneopts = "NUT"
  revision = "a0d98a5f288019575c6d1f4bb1573fef2d1fcdc4"

[[projects]]
  digest = "1:9a52adf44086cead3b384e5d0dbf7a1c1cce65e67552ee3383a8561c42a18cd3"
  name = "github.com/imdario/mergo"
  packages = ["."]
  pruneopts = "NUT"
  revision = "9f23e2d6bd2a77f959b2bf6acdbefd708a83a4a4"
  version = "v0.3.6"

[[projects]]
  digest = "1:0243cffa4a3410f161ee613dfdd903a636d07e838a42d341da95d81f42cd1d41"
  name = "github.com/json-iterator/go"
  packages = ["."]
  pruneopts = "NUT"
  revision = "f2b4162afba35581b6d4a50d3b8f34e33c144682"

[[projects]]
  digest = "1:7d4fb1e9f425e206c3f491edf55dea318080d4c7a2bd8d9bfb113f0bdd1ba90e"
  name = "github.com/knative/build"
  packages = [
    "pkg/apis/build",
    "pkg/apis/build/v1alpha1",
    "pkg/builder",
    "pkg/client/clientset/versioned",
    "pkg/client/clientset/versioned/fake",
    "pkg/client/clientset/versioned/scheme",
    "pkg/client/clientset/versioned/typed/build/v1alpha1",
    "pkg/client/clientset/versioned/typed/build/v1alpha1/fake",
    "pkg/client/informers/externalversions",
    "pkg/client/informers/externalversions/build",
    "pkg/client/informers/externalversions/build/v1alpha1",
    "pkg/client/informers/externalversions/internalinterfaces",
    "pkg/client/listers/build/v1alpha1",
  ]
  pruneopts = "NUT"
  revision = "92a1258647b272a3a4505616b102d6e8f86be082"

[[projects]]
  branch = "master"
  digest = "1:826576a2dbea52eb350ed5c0fd3e53f1f24cd6bdcfaf89ff89239b8cd426cd0d"
  name = "github.com/knative/caching"
  packages = [
    "pkg/apis/caching",
    "pkg/apis/caching/v1alpha1",
    "pkg/client/clientset/versioned",
    "pkg/client/clientset/versioned/scheme",
    "pkg/client/clientset/versioned/typed/caching/v1alpha1",
  ]
  pruneopts = "T"
  revision = "f0d7bb60956f88d4743f5fea66b5607b96d262c9"

[[projects]]
  digest = "1:4bb8f74f6b6a8576466c526c8bd1cb741b455ad808fe48ad45401c8573dfe1bb"
  name = "github.com/knative/pkg"
  packages = [
    "apis",
    "apis/duck",
    "apis/duck/v1alpha1",
    "apis/istio",
    "apis/istio/authentication",
    "apis/istio/authentication/v1alpha1",
    "apis/istio/common/v1alpha1",
    "apis/istio/v1alpha3",
    "client/clientset/versioned",
    "client/clientset/versioned/scheme",
    "client/clientset/versioned/typed/authentication/v1alpha1",
    "client/clientset/versioned/typed/istio/v1alpha3",
    "configmap",
    "controller",
    "kmeta",
    "logging",
    "logging/logkey",
    "signals",
    "test",
    "test/logging",
    "test/spoof",
    "tracker",
    "webhook",
  ]
  pruneopts = "NUT"
  revision = "ba1a828cd571f605684f9a4506e85bc13cb65b8d"

[[projects]]
  branch = "master"
  digest = "1:99e6dc3cfa676d2978fac7770b99629390d6fb6573f061cef5beca04e7ddae14"
  name = "github.com/knative/test-infra"
  packages = ["."]
  pruneopts = "T"
  revision = "66fd0d4b3216dd74b7fcb1425700756950ccf08c"

[[projects]]
  branch = "master"
  digest = "1:0e9bfc47ab9941ecc3344e580baca5deb4091177e84dd9773b48b38ec26b93d5"
  name = "github.com/mattbaird/jsonpatch"
  packages = ["."]
  pruneopts = "NUT"
  revision = "81af80346b1a01caae0cbc27fd3c1ba5b11e189f"

[[projects]]
  digest = "1:2f42fa12d6911c7b7659738758631bec870b7e9b4c6be5444f963cdcfccc191f"
  name = "github.com/modern-go/concurrent"
  packages = ["."]
  pruneopts = "NUT"
  revision = "bacd9c7ef1dd9b15be4a9909b8ac7a4e313eec94"
  version = "1.0.3"

[[projects]]
  digest = "1:c6aca19413b13dc59c220ad7430329e2ec454cc310bc6d8de2c7e2b93c18a0f6"
  name = "github.com/modern-go/reflect2"
  packages = ["."]
  pruneopts = "NUT"
  revision = "4b7aa43c6742a2c18fdef89dd197aaae7dac7ccd"
  version = "1.0.1"

[[projects]]
  branch = "master"
  digest = "1:3bf17a6e6eaa6ad24152148a631d18662f7212e21637c2699bff3369b7f00fa2"
  name = "github.com/petar/GoLLRB"
  packages = ["llrb"]
  pruneopts = "NUT"
  revision = "53be0d36a84c2a886ca057d34b6aa4468df9ccb4"

[[projects]]
  digest = "1:6c6d91dc326ed6778783cff869c49fb2f61303cdd2ebbcf90abe53505793f3b6"
  name = "github.com/peterbourgon/diskv"
  packages = ["."]
  pruneopts = "NUT"
  revision = "5f041e8faa004a95c88a202771f4cc3e991971e6"
  version = "v2.0.1"

[[projects]]
  digest = "1:15e5c398fbd9d2c439b635a08ac161b13d04f0c2aa587fe256b65dc0c3efe8b7"
  name = "github.com/spf13/pflag"
  packages = ["."]
  pruneopts = "NUT"
  revision = "583c0c0531f06d5278b7d917446061adc344b5cd"

[[projects]]
  digest = "1:893a30abdb7dde41e1464a6f85e042d2d225cb4785b31bb7f6c2fecbbc53465a"
  name = "go.opencensus.io"
  packages = [
    ".",
    "internal",
    "internal/tagencoding",
    "stats",
    "stats/internal",
    "stats/view",
    "tag",
    "trace",
    "trace/internal",
    "trace/tracestate",
  ]
  pruneopts = "NUT"
  revision = "79993219becaa7e29e3b60cb67f5b8e82dee11d6"
  version = "v0.17.0"

[[projects]]
  digest = "1:22f696cee54865fb8e9ff91df7b633f6b8f22037a8015253c6b6a71ca82219c7"
  name = "go.uber.org/atomic"
  packages = ["."]
  pruneopts = "NUT"
  revision = "1ea20fb1cbb1cc08cbd0d913a96dead89aa18289"
  version = "v1.3.2"

[[projects]]
  digest = "1:58ca93bdf81bac106ded02226b5395a0595d5346cdc4caa8d9c1f3a5f8f9976e"
  name = "go.uber.org/multierr"
  packages = ["."]
  pruneopts = "NUT"
  revision = "3c4937480c32f4c13a875a1829af76c98ca3d40a"
  version = "v1.1.0"

[[projects]]
  digest = "1:ad91ca9c2948423f51e9b79fb5f0695a702e51201e9413b577b89053d2bdf185"
  name = "go.uber.org/zap"
  packages = [
    ".",
    "buffer",
    "internal/bufferpool",
    "internal/color",
    "internal/exit",
    "zapcore",
    "zaptest/observer",
  ]
  pruneopts = "NUT"
  revision = "eeedf312bc6c57391d84767a4cd413f02a917974"
  version = "v1.8.0"

[[projects]]
  digest = "1:624a05c7c6ed502bf77364cd3d54631383dafc169982fddd8ee77b53c3d9cccf"
  name = "golang.org/x/crypto"
  packages = ["ssh/terminal"]
  pruneopts = "NUT"
  revision = "81e90905daefcd6fd217b62423c0908922eadb30"

[[projects]]
  digest = "1:546efc585d0b3b4ef026faa94ae2d3211c1744d517841a27c83905e18fd0828d"
  name = "golang.org/x/net"
  packages = [
    "context",
    "context/ctxhttp",
    "http2",
    "http2/hpack",
    "idna",
    "lex/httplex",
  ]
  pruneopts = "NUT"
  revision = "1c05540f6879653db88113bc4a2b70aec4bd491f"

[[projects]]
  branch = "master"
  digest = "1:bc2b221d465bb28ce46e8d472ecdc424b9a9b541bd61d8c311c5f29c8dd75b1b"
  name = "golang.org/x/oauth2"
  packages = [
    ".",
    "google",
    "internal",
    "jws",
    "jwt",
  ]
  pruneopts = "NUT"
  revision = "d2e6202438beef2727060aa7cabdd924d92ebfd9"

[[projects]]
  digest = "1:a969921c213e6d90554219689f484043e1e897d1936e524cfbb4fd6cb8ae2736"
  name = "golang.org/x/sys"
  packages = [
    "unix",
    "windows",
  ]
  pruneopts = "NUT"
  revision = "95c6576299259db960f6c5b9b69ea52422860fce"

[[projects]]
  digest = "1:97337ef8cb438f9e3a99ea91a300e916ed9a96fbf3ad50f9a020d30ea9f8692f"
  name = "golang.org/x/text"
  packages = [
    "internal/gen",
    "internal/triegen",
    "internal/ucd",
    "secure/bidirule",
    "transform",
    "unicode/bidi",
    "unicode/cldr",
    "unicode/norm",
    "unicode/rangetable",
  ]
  pruneopts = "NUT"
  revision = "b19bf474d317b857955b12035d2c5acb57ce8b01"

[[projects]]
  branch = "master"
  digest = "1:51a479a09b7ed06b7be5a854e27fcc328718ae0e5ad159f9ddeef12d0326c2e7"
  name = "golang.org/x/time"
  packages = ["rate"]
  pruneopts = "NUT"
  revision = "26559e0f760e39c24d730d3224364aef164ee23f"

[[projects]]
  branch = "master"
  digest = "1:2c57a52b1792fad8b668be56c76a9a4959f7b665b8474cfa188c652ef1a2b82d"
  name = "golang.org/x/tools"
  packages = [
    "go/ast/astutil",
    "imports",
  ]
  pruneopts = "NUT"
  revision = "66487607e2081c7c2af2281c62c14ee000d5024b"

[[projects]]
  digest = "1:e2da54c7866453ac5831c61c7ec5d887f39328cac088c806553303bff4048e6f"
  name = "google.golang.org/appengine"
  packages = [
    ".",
    "internal",
    "internal/app_identity",
    "internal/base",
    "internal/datastore",
    "internal/log",
    "internal/modules",
    "internal/remote_api",
    "internal/urlfetch",
    "urlfetch",
  ]
  pruneopts = "NUT"
  revision = "ae0ab99deb4dc413a2b4bd6c8bdd0eb67f1e4d06"
  version = "v1.2.0"

[[projects]]
  digest = "1:ef72505cf098abdd34efeea032103377bec06abb61d8a06f002d5d296a4b1185"
  name = "gopkg.in/inf.v0"
  packages = ["."]
  pruneopts = "NUT"
  revision = "3887ee99ecf07df5b447e9b00d9c0b2adaa9f3e4"
  version = "v0.9.0"

[[projects]]
  digest = "1:7c95b35057a0ff2e19f707173cc1a947fa43a6eb5c4d300d196ece0334046082"
  name = "gopkg.in/yaml.v2"
  packages = ["."]
  pruneopts = "NUT"
  revision = "5420a8b6744d3b0345ab293f6fcba19c978f1183"
  version = "v2.2.1"

[[projects]]
  digest = "1:6dd53537a34d9b612e66acd39859953cf7ad70e5b5953937bed5ea998355e7b8"
  name = "k8s.io/api"
  packages = [
    "admission/v1beta1",
    "admissionregistration/v1alpha1",
    "admissionregistration/v1beta1",
    "apps/v1",
    "apps/v1beta1",
    "apps/v1beta2",
    "authentication/v1",
    "authentication/v1beta1",
    "authorization/v1",
    "authorization/v1beta1",
    "autoscaling/v1",
    "autoscaling/v2beta1",
    "batch/v1",
    "batch/v1beta1",
    "batch/v2alpha1",
    "certificates/v1beta1",
    "core/v1",
    "events/v1beta1",
    "extensions/v1beta1",
    "networking/v1",
    "policy/v1beta1",
    "rbac/v1",
    "rbac/v1alpha1",
    "rbac/v1beta1",
    "scheduling/v1alpha1",
    "scheduling/v1beta1",
    "settings/v1alpha1",
    "storage/v1",
    "storage/v1alpha1",
    "storage/v1beta1",
  ]
  pruneopts = "NUT"
  revision = "4e7be11eab3ffcfc1876898b8272df53785a9504"
  version = "kubernetes-1.11.3"

[[projects]]
  digest = "1:e430de0896db98fb93a75f45ace427a4b6d09028777498b7c6a25d33866efdd6"
  name = "k8s.io/apimachinery"
  packages = [
    "pkg/api/equality",
    "pkg/api/errors",
    "pkg/api/meta",
    "pkg/api/resource",
    "pkg/apis/meta/internalversion",
    "pkg/apis/meta/v1",
    "pkg/apis/meta/v1/unstructured",
    "pkg/apis/meta/v1beta1",
    "pkg/conversion",
    "pkg/conversion/queryparams",
    "pkg/fields",
    "pkg/labels",
    "pkg/runtime",
    "pkg/runtime/schema",
    "pkg/runtime/serializer",
    "pkg/runtime/serializer/json",
    "pkg/runtime/serializer/protobuf",
    "pkg/runtime/serializer/recognizer",
    "pkg/runtime/serializer/streaming",
    "pkg/runtime/serializer/versioning",
    "pkg/selection",
    "pkg/types",
    "pkg/util/cache",
    "pkg/util/clock",
    "pkg/util/diff",
    "pkg/util/errors",
    "pkg/util/framer",
    "pkg/util/intstr",
    "pkg/util/json",
    "pkg/util/mergepatch",
    "pkg/util/net",
    "pkg/util/runtime",
    "pkg/util/sets",
    "pkg/util/sets/types",
    "pkg/util/strategicpatch",
    "pkg/util/validation",
    "pkg/util/validation/field",
    "pkg/util/wait",
    "pkg/util/yaml",
    "pkg/version",
    "pkg/watch",
    "third_party/forked/golang/json",
    "third_party/forked/golang/reflect",
  ]
  pruneopts = "NUT"
  revision = "def12e63c512da17043b4f0293f52d1006603d9f"
  version = "kubernetes-1.11.3"

[[projects]]
  digest = "1:cf334d5e85a35fe6c9e87dcbf22a8d8a7f42bd16bcb93b90de1128ba854062e2"
  name = "k8s.io/client-go"
  packages = [
    "discovery",
    "discovery/fake",
    "dynamic",
    "informers",
    "informers/admissionregistration",
    "informers/admissionregistration/v1alpha1",
    "informers/admissionregistration/v1beta1",
    "informers/apps",
    "informers/apps/v1",
    "informers/apps/v1beta1",
    "informers/apps/v1beta2",
    "informers/autoscaling",
    "informers/autoscaling/v1",
    "informers/autoscaling/v2beta1",
    "informers/batch",
    "informers/batch/v1",
    "informers/batch/v1beta1",
    "informers/batch/v2alpha1",
    "informers/certificates",
    "informers/certificates/v1beta1",
    "informers/core",
    "informers/core/v1",
    "informers/events",
    "informers/events/v1beta1",
    "informers/extensions",
    "informers/extensions/v1beta1",
    "informers/internalinterfaces",
    "informers/networking",
    "informers/networking/v1",
    "informers/policy",
    "informers/policy/v1beta1",
    "informers/rbac",
    "informers/rbac/v1",
    "informers/rbac/v1alpha1",
    "informers/rbac/v1beta1",
    "informers/scheduling",
    "informers/scheduling/v1alpha1",
    "informers/scheduling/v1beta1",
    "informers/settings",
    "informers/settings/v1alpha1",
    "informers/storage",
    "informers/storage/v1",
    "informers/storage/v1alpha1",
    "informers/storage/v1beta1",
    "kubernetes",
    "kubernetes/fake",
    "kubernetes/scheme",
    "kubernetes/typed/admissionregistration/v1alpha1",
    "kubernetes/typed/admissionregistration/v1alpha1/fake",
    "kubernetes/typed/admissionregistration/v1beta1",
    "kubernetes/typed/admissionregistration/v1beta1/fake",
    "kubernetes/typed/apps/v1",
    "kubernetes/typed/apps/v1/fake",
    "kubernetes/typed/apps/v1beta1",
    "kubernetes/typed/apps/v1beta1/fake",
    "kubernetes/typed/apps/v1beta2",
    "kubernetes/typed/apps/v1beta2/fake",
    "kubernetes/typed/authentication/v1",
    "kubernetes/typed/authentication/v1/fake",
    "kubernetes/typed/authentication/v1beta1",
    "kubernetes/typed/authentication/v1beta1/fake",
    "kubernetes/typed/authorization/v1",
    "kubernetes/typed/authorization/v1/fake",
    "kubernetes/typed/authorization/v1beta1",
    "kubernetes/typed/authorization/v1beta1/fake",
    "kubernetes/typed/autoscaling/v1",
    "kubernetes/typed/autoscaling/v1/fake",
    "kubernetes/typed/autoscaling/v2beta1",
    "kubernetes/typed/autoscaling/v2beta1/fake",
    "kubernetes/typed/batch/v1",
    "kubernetes/typed/batch/v1/fake",
    "kubernetes/typed/batch/v1beta1",
    "kubernetes/typed/batch/v1beta1/fake",
    "kubernetes/typed/batch/v2alpha1",
    "kubernetes/typed/batch/v2alpha1/fake",
    "kubernetes/typed/certificates/v1beta1",
    "kubernetes/typed/certificates/v1beta1/fake",
    "kubernetes/typed/core/v1",
    "kubernetes/typed/core/v1/fake",
    "kubernetes/typed/events/v1beta1",
    "kubernetes/typed/events/v1beta1/fake",
    "kubernetes/typed/extensions/v1beta1",
    "kubernetes/typed/extensions/v1beta1/fake",
    "kubernetes/typed/networking/v1",
    "kubernetes/typed/networking/v1/fake",
    "kubernetes/typed/policy/v1beta1",
    "kubernetes/typed/policy/v1beta1/fake",
    "kubernetes/typed/rbac/v1",
    "kubernetes/typed/rbac/v1/fake",
    "kubernetes/typed/rbac/v1alpha1",
    "kubernetes/typed/rbac/v1alpha1/fake",
    "kubernetes/typed/rbac/v1beta1",
    "kubernetes/typed/rbac/v1beta1/fake",
    "kubernetes/typed/scheduling/v1alpha1",
    "kubernetes/typed/scheduling/v1alpha1/fake",
    "kubernetes/typed/scheduling/v1beta1",
    "kubernetes/typed/scheduling/v1beta1/fake",
    "kubernetes/typed/settings/v1alpha1",
    "kubernetes/typed/settings/v1alpha1/fake",
    "kubernetes/typed/storage/v1",
    "kubernetes/typed/storage/v1/fake",
    "kubernetes/typed/storage/v1alpha1",
    "kubernetes/typed/storage/v1alpha1/fake",
    "kubernetes/typed/storage/v1beta1",
    "kubernetes/typed/storage/v1beta1/fake",
    "listers/admissionregistration/v1alpha1",
    "listers/admissionregistration/v1beta1",
    "listers/apps/v1",
    "listers/apps/v1beta1",
    "listers/apps/v1beta2",
    "listers/autoscaling/v1",
    "listers/autoscaling/v2beta1",
    "listers/batch/v1",
    "listers/batch/v1beta1",
    "listers/batch/v2alpha1",
    "listers/certificates/v1beta1",
    "listers/core/v1",
    "listers/events/v1beta1",
    "listers/extensions/v1beta1",
    "listers/networking/v1",
    "listers/policy/v1beta1",
    "listers/rbac/v1",
    "listers/rbac/v1alpha1",
    "listers/rbac/v1beta1",
    "listers/scheduling/v1alpha1",
    "listers/scheduling/v1beta1",
    "listers/settings/v1alpha1",
    "listers/storage/v1",
    "listers/storage/v1alpha1",
    "listers/storage/v1beta1",
    "pkg/apis/clientauthentication",
    "pkg/apis/clientauthentication/v1alpha1",
    "pkg/apis/clientauthentication/v1beta1",
    "pkg/version",
    "plugin/pkg/client/auth/exec",
    "plugin/pkg/client/auth/gcp",
    "rest",
    "rest/watch",
    "testing",
    "third_party/forked/golang/template",
    "tools/auth",
    "tools/cache",
    "tools/clientcmd",
    "tools/clientcmd/api",
    "tools/clientcmd/api/latest",
    "tools/clientcmd/api/v1",
    "tools/metrics",
    "tools/pager",
    "tools/record",
    "tools/reference",
    "transport",
    "util/buffer",
    "util/cert",
    "util/connrotation",
    "util/flowcontrol",
    "util/homedir",
    "util/integer",
    "util/jsonpath",
    "util/retry",
    "util/workqueue",
  ]
  pruneopts = "NUT"
  revision = "2cefa64ff137e128daeddbd1775cd775708a05bf"
  version = "kubernetes-1.11.3"

[[projects]]
  digest = "1:3b9c82e73290987c719062ba514f47cc95a7b1e10d9868b1e083e48044c0820b"
  name = "k8s.io/code-generator"
  packages = [
    "cmd/client-gen",
    "cmd/client-gen/args",
    "cmd/client-gen/generators",
    "cmd/client-gen/generators/fake",
    "cmd/client-gen/generators/scheme",
    "cmd/client-gen/generators/util",
    "cmd/client-gen/path",
    "cmd/client-gen/types",
    "cmd/deepcopy-gen",
    "cmd/deepcopy-gen/args",
    "cmd/defaulter-gen",
    "cmd/defaulter-gen/args",
    "cmd/informer-gen",
    "cmd/informer-gen/args",
    "cmd/informer-gen/generators",
    "cmd/lister-gen",
    "cmd/lister-gen/args",
    "cmd/lister-gen/generators",
    "pkg/util",
  ]
  pruneopts = "T"
  revision = "8c97d6ab64da020f8b151e9d3ed8af3172f5c390"
  version = "kubernetes-1.11.3"

[[projects]]
  branch = "master"
  digest = "1:e2844a79caf5a09550077b6f468f4a5e9a5d5a241e34555f2da692064e742184"
  name = "k8s.io/gengo"
  packages = [
    "args",
    "examples/deepcopy-gen/generators",
    "examples/defaulter-gen/generators",
    "examples/set-gen/sets",
    "generator",
    "namer",
    "parser",
    "types",
  ]
  pruneopts = "NUT"
  revision = "8394c995ab8fbe52216f38d0e1a37de36d820528"

[[projects]]
  digest = "1:7d46c560bdf2e3d01268acf4f376480124d40718bebd4e7ed8f1eedc372480cf"
  name = "k8s.io/kube-openapi"
  packages = ["pkg/util/proto"]
  pruneopts = "NUT"
  revision = "39a7bf85c140f972372c2a0d1ee40adbf0c8bfe1"

[solve-meta]
  analyzer-name = "dep"
  analyzer-version = 1
  input-imports = [
    "github.com/ghodss/yaml",
    "github.com/google/go-cmp/cmp",
    "github.com/google/go-cmp/cmp/cmpopts",
    "github.com/google/go-containerregistry/pkg/authn",
    "github.com/google/go-containerregistry/pkg/name",
    "github.com/google/go-containerregistry/pkg/v1/remote",
    "github.com/knative/build/pkg/apis/build/v1alpha1",
    "github.com/knative/build/pkg/builder",
    "github.com/knative/build/pkg/client/clientset/versioned",
    "github.com/knative/build/pkg/client/clientset/versioned/fake",
    "github.com/knative/build/pkg/client/clientset/versioned/typed/build/v1alpha1",
    "github.com/knative/build/pkg/client/informers/externalversions",
    "github.com/knative/build/pkg/client/informers/externalversions/build/v1alpha1",
    "github.com/knative/caching/pkg/apis/caching",
    "github.com/knative/caching/pkg/client/clientset/versioned",
    "github.com/knative/pkg/apis",
    "github.com/knative/pkg/apis/duck/v1alpha1",
    "github.com/knative/pkg/client/clientset/versioned",
    "github.com/knative/pkg/configmap",
    "github.com/knative/pkg/controller",
    "github.com/knative/pkg/logging",
    "github.com/knative/pkg/logging/logkey",
    "github.com/knative/pkg/signals",
    "github.com/knative/pkg/test",
    "github.com/knative/pkg/test/logging",
    "github.com/knative/pkg/tracker",
    "github.com/knative/pkg/webhook",
    "github.com/knative/test-infra",
    "go.opencensus.io/trace",
    "go.uber.org/zap",
    "go.uber.org/zap/zaptest/observer",
    "k8s.io/api/core/v1",
    "k8s.io/api/rbac/v1beta1",
    "k8s.io/apimachinery/pkg/api/equality",
    "k8s.io/apimachinery/pkg/api/errors",
    "k8s.io/apimachinery/pkg/api/resource",
    "k8s.io/apimachinery/pkg/apis/meta/v1",
    "k8s.io/apimachinery/pkg/labels",
    "k8s.io/apimachinery/pkg/runtime",
    "k8s.io/apimachinery/pkg/runtime/schema",
    "k8s.io/apimachinery/pkg/runtime/serializer",
    "k8s.io/apimachinery/pkg/types",
    "k8s.io/apimachinery/pkg/util/sets/types",
    "k8s.io/apimachinery/pkg/util/wait",
    "k8s.io/apimachinery/pkg/watch",
    "k8s.io/client-go/discovery",
    "k8s.io/client-go/discovery/fake",
    "k8s.io/client-go/informers",
    "k8s.io/client-go/kubernetes",
    "k8s.io/client-go/kubernetes/fake",
    "k8s.io/client-go/kubernetes/scheme",
    "k8s.io/client-go/kubernetes/typed/core/v1",
    "k8s.io/client-go/plugin/pkg/client/auth/gcp",
    "k8s.io/client-go/rest",
    "k8s.io/client-go/testing",
    "k8s.io/client-go/tools/cache",
    "k8s.io/client-go/tools/clientcmd",
    "k8s.io/client-go/tools/record",
    "k8s.io/client-go/util/flowcontrol",
    "k8s.io/code-generator/cmd/client-gen",
    "k8s.io/code-generator/cmd/deepcopy-gen",
    "k8s.io/code-generator/cmd/defaulter-gen",
    "k8s.io/code-generator/cmd/informer-gen",
    "k8s.io/code-generator/cmd/lister-gen",
  ]
  solver-name = "gps-cdcl"
  solver-version = 1
